
Microsoft Visual Studio Solution File, Format Version 12.00
# Visual Studio 15
VisualStudioVersion = 15.0.27428.2043
MinimumVisualStudioVersion = 10.0.40219.1
Project("{FAE04EC0-301F-11D3-BF4B-00C04F79EFBC}") = "winApp", "winApp\winApp.csproj", "{44B75988-54CB-41C2-9A8C-CE7BBA61A5B8}"
EndProject
Global
	GlobalSection(SolutionConfigurationPlatforms) = preSolution
		Debug|Any CPU = Debug|Any CPU
		Release|Any CPU = Release|Any CPU
	EndGlobalSection
	GlobalSection(ProjectConfigurationPlatforms) = postSolution
		{44B75988-54CB-41C2-9A8C-CE7BBA61A5B8}.Debug|Any CPU.ActiveCfg = Debug|Any CPU
		{44B75988-54CB-41C2-9A8C-CE7BBA61A5B8}.Debug|Any CPU.Build.0 = Debug|Any CPU
		{44B75988-54CB-41C2-9A8C-CE7BBA61A5B8}.Release|Any CPU.ActiveCfg = Release|Any CPU
		{44B75988-54CB-41C2-9A8C-CE7BBA61A5B8}.Release|Any CPU.Build.0 = Release|Any CPU
	EndGlobalSection
	GlobalSection(SolutionProperties) = preSolution
		HideSolutionNode = FALSE
	EndGlobalSection
	GlobalSection(ExtensibilityGlobals) = postSolution
		SolutionGuid = {4E3A1E4A-E2B1-4053-A30F-436D6A6B9E42}
	EndGlobalSection
EndGlobal
